PODS:
  - CatalogByConvention (2.1.0)
  - IndefiniteObservable (4.0.0):
    - IndefiniteObservable/lib (= 4.0.0)
  - IndefiniteObservable/lib (4.0.0)
  - MaterialMotion (1.3.0):
    - IndefiniteObservable (~> 4.0)
  - MaterialMotionComponents (1.0.0):
    - MaterialMotion (~> 1.0)
    - MaterialMotionComponents/ModalTransition (= 1.0.0)
  - MaterialMotionComponents/ModalTransition (1.0.0):
    - MaterialMotion (~> 1.0)
  - Tweaks (2.0.0)

DEPENDENCIES:
  - CatalogByConvention
  - MaterialMotion (from `../material-motion-swift/`)
  - MaterialMotionComponents (from `./`)
  - Tweaks

EXTERNAL SOURCES:
  MaterialMotion:
    :path: "../material-motion-swift/"
  MaterialMotionComponents:
    :path: "./"

SPEC CHECKSUMS:
  CatalogByConvention: ef0913973b86b4234bcadf22aa84037c4a47cbbd
  IndefiniteObservable: 1ee6af37efa8763a222cc6d414cd125e26ed9b6a
  MaterialMotion: 42e9f95334ad208e9d44536d188d75488d847c81
  MaterialMotionComponents: d025ac82cb84e9c598a7664e51720ef7d7a505c1
  Tweaks: 524fa47636cce3bf3a4d9156e980f10ae9480e81

PODFILE CHECKSUM: 36e149b4138f4251742b34d4f563eb8852cfc00c

COCOAPODS: 1.2.0
