PODS:
  - CatalogByConvention (2.1.1)
  - IndefiniteObservable (4.0.0):
    - IndefiniteObservable/lib (= 4.0.0)
  - IndefiniteObservable/lib (4.0.0)
  - MaterialMotion (2.0.0):
    - IndefiniteObservable (~> 4.0)
  - MaterialMotionComponents (1.0.0):
    - MaterialMotion (~> 2.0)
    - MaterialMotionComponents/FABMaskedRevealTransition (= 1.0.0)
    - MaterialMotionComponents/VerticalSheetTransition (= 1.0.0)
  - MaterialMotionComponents/FABMaskedRevealTransition (1.0.0):
    - MaterialMotion (~> 2.0)
    - MaterialMotionComponents/VerticalSheetTransition
  - MaterialMotionComponents/VerticalSheetTransition (1.0.0):
    - MaterialMotion (~> 2.0)

DEPENDENCIES:
  - CatalogByConvention
  - MaterialMotion (from `../material-motion-swift/`)
  - MaterialMotionComponents (from `./`)

EXTERNAL SOURCES:
  MaterialMotion:
    :path: "../material-motion-swift/"
  MaterialMotionComponents:
    :path: "./"

SPEC CHECKSUMS:
  CatalogByConvention: c3a5319de04250a7cd4649127fcfca5fe3322a43
  IndefiniteObservable: 1ee6af37efa8763a222cc6d414cd125e26ed9b6a
  MaterialMotion: a412b109cfe4ab7b1fd956409a5da9a3635d3dce
  MaterialMotionComponents: 8b16efe77ef7c75dde145a1f5f51f4cebd789dbf

PODFILE CHECKSUM: 9dda8ccf7f28bddde7a86b78625c7e3fb1da6808

COCOAPODS: 1.2.1
